
Microsoft Visual Studio Solution File, Format Version 12.00
# Visual Studio Version 16
VisualStudioVersion = 16.0.31729.503
MinimumVisualStudioVersion = 10.0.40219.1
Project("{9A19103F-16F7-4668-BE54-9A1E7A4F7556}") = "NumberSequenceApp", "NumberSequenceApp\NumberSequenceApp.csproj", "{E482BA99-1558-4407-8F12-87B686D20C1F}"
EndProject
Project("{9A19103F-16F7-4668-BE54-9A1E7A4F7556}") = "DecodingNumberApp", "DecodingNumberApp\DecodingNumberApp.csproj", "{3A36E19A-A8B4-42E6-81CB-07612665EF87}"
EndProject
Project("{9A19103F-16F7-4668-BE54-9A1E7A4F7556}") = "NumberSequenceApp.Tests", "NumberSequenceApp.Tests\NumberSequenceApp.Tests.csproj", "{B1C5D8F0-D142-4B9F-BA25-5448F0AC2C71}"
EndProject
Project("{9A19103F-16F7-4668-BE54-9A1E7A4F7556}") = "MainProject", "MainProject\MainProject.csproj", "{21B856D5-3AB5-45A4-B52E-CBC60B553010}"
EndProject
Project("{9A19103F-16F7-4668-BE54-9A1E7A4F7556}") = "LuckyTicketsApp", "LuckyTicketsApp\LuckyTicketsApp.csproj", "{CA8D4655-D5F4-4BAC-9366-4EA21F4CE2D3}"
EndProject
Project("{FAE04EC0-301F-11D3-BF4B-00C04F79EFBC}") = "DecodingNumberApp.Tests", "DecodingNumberApp.Tests\DecodingNumberApp.Tests.csproj", "{16D878A0-8A96-4AF4-B20C-0479B58F96DA}"
EndProject
Project("{FAE04EC0-301F-11D3-BF4B-00C04F79EFBC}") = "LuckyTicketsApp.Tests", "LuckyTicketsApp.Tests\LuckyTicketsApp.Tests.csproj", "{371E47DE-6CF1-44F6-BC89-5D19A78DF427}"
EndProject
Global
	GlobalSection(SolutionConfigurationPlatforms) = preSolution
		Debug|Any CPU = Debug|Any CPU
		Release|Any CPU = Release|Any CPU
	EndGlobalSection
	GlobalSection(ProjectConfigurationPlatforms) = postSolution
		{E482BA99-1558-4407-8F12-87B686D20C1F}.Debug|Any CPU.ActiveCfg = Debug|Any CPU
		{E482BA99-1558-4407-8F12-87B686D20C1F}.Debug|Any CPU.Build.0 = Debug|Any CPU
		{E482BA99-1558-4407-8F12-87B686D20C1F}.Release|Any CPU.ActiveCfg = Release|Any CPU
		{E482BA99-1558-4407-8F12-87B686D20C1F}.Release|Any CPU.Build.0 = Release|Any CPU
		{3A36E19A-A8B4-42E6-81CB-07612665EF87}.Debug|Any CPU.ActiveCfg = Debug|Any CPU
		{3A36E19A-A8B4-42E6-81CB-07612665EF87}.Debug|Any CPU.Build.0 = Debug|Any CPU
		{3A36E19A-A8B4-42E6-81CB-07612665EF87}.Release|Any CPU.ActiveCfg = Release|Any CPU
		{3A36E19A-A8B4-42E6-81CB-07612665EF87}.Release|Any CPU.Build.0 = Release|Any CPU
		{B1C5D8F0-D142-4B9F-BA25-5448F0AC2C71}.Debug|Any CPU.ActiveCfg = Debug|Any CPU
		{B1C5D8F0-D142-4B9F-BA25-5448F0AC2C71}.Debug|Any CPU.Build.0 = Debug|Any CPU
		{B1C5D8F0-D142-4B9F-BA25-5448F0AC2C71}.Release|Any CPU.ActiveCfg = Release|Any CPU
		{B1C5D8F0-D142-4B9F-BA25-5448F0AC2C71}.Release|Any CPU.Build.0 = Release|Any CPU
		{21B856D5-3AB5-45A4-B52E-CBC60B553010}.Debug|Any CPU.ActiveCfg = Debug|Any CPU
		{21B856D5-3AB5-45A4-B52E-CBC60B553010}.Debug|Any CPU.Build.0 = Debug|Any CPU
		{21B856D5-3AB5-45A4-B52E-CBC60B553010}.Release|Any CPU.ActiveCfg = Release|Any CPU
		{21B856D5-3AB5-45A4-B52E-CBC60B553010}.Release|Any CPU.Build.0 = Release|Any CPU
		{CA8D4655-D5F4-4BAC-9366-4EA21F4CE2D3}.Debug|Any CPU.ActiveCfg = Debug|Any CPU
		{CA8D4655-D5F4-4BAC-9366-4EA21F4CE2D3}.Debug|Any CPU.Build.0 = Debug|Any CPU
		{CA8D4655-D5F4-4BAC-9366-4EA21F4CE2D3}.Release|Any CPU.ActiveCfg = Release|Any CPU
		{CA8D4655-D5F4-4BAC-9366-4EA21F4CE2D3}.Release|Any CPU.Build.0 = Release|Any CPU
		{16D878A0-8A96-4AF4-B20C-0479B58F96DA}.Debug|Any CPU.ActiveCfg = Debug|Any CPU
		{16D878A0-8A96-4AF4-B20C-0479B58F96DA}.Debug|Any CPU.Build.0 = Debug|Any CPU
		{16D878A0-8A96-4AF4-B20C-0479B58F96DA}.Release|Any CPU.ActiveCfg = Release|Any CPU
		{16D878A0-8A96-4AF4-B20C-0479B58F96DA}.Release|Any CPU.Build.0 = Release|Any CPU
		{371E47DE-6CF1-44F6-BC89-5D19A78DF427}.Debug|Any CPU.ActiveCfg = Debug|Any CPU
		{371E47DE-6CF1-44F6-BC89-5D19A78DF427}.Debug|Any CPU.Build.0 = Debug|Any CPU
		{371E47DE-6CF1-44F6-BC89-5D19A78DF427}.Release|Any CPU.ActiveCfg = Release|Any CPU
		{371E47DE-6CF1-44F6-BC89-5D19A78DF427}.Release|Any CPU.Build.0 = Release|Any CPU
	EndGlobalSection
	GlobalSection(SolutionProperties) = preSolution
		HideSolutionNode = FALSE
	EndGlobalSection
	GlobalSection(ExtensibilityGlobals) = postSolution
		SolutionGuid = {FAB11C05-EEE9-4556-9077-028F6D30BF0E}
	EndGlobalSection
EndGlobal
